
Microsoft Visual Studio Solution File, Format Version 12.00
# Visual Studio Version 16
VisualStudioVersion = 16.0.31112.23
MinimumVisualStudioVersion = 10.0.40219.1
Project("{9A19103F-16F7-4668-BE54-9A1E7A4F7556}") = "SagavaVisual", "SagavaVisual\SagavaVisual.csproj", "{C7700456-06FD-4159-93D3-B7B845B94CF8}"
EndProject
Project("{FAE04EC0-301F-11D3-BF4B-00C04F79EFBC}") = "SagavaAnime", "SagavaAnime\SagavaAnime.csproj", "{EEB98B07-66D1-4D97-9967-003E9BC322EE}"
EndProject
Project("{FAE04EC0-301F-11D3-BF4B-00C04F79EFBC}") = "SagavaFilm", "SagavaFilm\SagavaFilm.csproj", "{274EA2CB-1428-4BA8-9FB6-FD1F4AFC0D6C}"
EndProject
Global
	GlobalSection(SolutionConfigurationPlatforms) = preSolution
		Debug|Any CPU = Debug|Any CPU
		Release|Any CPU = Release|Any CPU
	EndGlobalSection
	GlobalSection(ProjectConfigurationPlatforms) = postSolution
		{C7700456-06FD-4159-93D3-B7B845B94CF8}.Debug|Any CPU.ActiveCfg = Debug|Any CPU
		{C7700456-06FD-4159-93D3-B7B845B94CF8}.Debug|Any CPU.Build.0 = Debug|Any CPU
		{C7700456-06FD-4159-93D3-B7B845B94CF8}.Release|Any CPU.ActiveCfg = Release|Any CPU
		{C7700456-06FD-4159-93D3-B7B845B94CF8}.Release|Any CPU.Build.0 = Release|Any CPU
		{EEB98B07-66D1-4D97-9967-003E9BC322EE}.Debug|Any CPU.ActiveCfg = Debug|Any CPU
		{EEB98B07-66D1-4D97-9967-003E9BC322EE}.Debug|Any CPU.Build.0 = Debug|Any CPU
		{EEB98B07-66D1-4D97-9967-003E9BC322EE}.Release|Any CPU.ActiveCfg = Release|Any CPU
		{EEB98B07-66D1-4D97-9967-003E9BC322EE}.Release|Any CPU.Build.0 = Release|Any CPU
		{274EA2CB-1428-4BA8-9FB6-FD1F4AFC0D6C}.Debug|Any CPU.ActiveCfg = Debug|Any CPU
		{274EA2CB-1428-4BA8-9FB6-FD1F4AFC0D6C}.Debug|Any CPU.Build.0 = Debug|Any CPU
		{274EA2CB-1428-4BA8-9FB6-FD1F4AFC0D6C}.Release|Any CPU.ActiveCfg = Release|Any CPU
		{274EA2CB-1428-4BA8-9FB6-FD1F4AFC0D6C}.Release|Any CPU.Build.0 = Release|Any CPU
	EndGlobalSection
	GlobalSection(SolutionProperties) = preSolution
		HideSolutionNode = FALSE
	EndGlobalSection
	GlobalSection(ExtensibilityGlobals) = postSolution
		SolutionGuid = {63973045-1EAC-4032-93DE-F9C00DCBED5F}
	EndGlobalSection
EndGlobal
